// !$*UTF8*$!
{
	archiveVersion = 1;
	classes = {
	};
	objectVersion = 46;
	objects = {

/* Begin PBXBuildFile section */
		47D94C822052908100764B32 /* main.m in Sources */ = {isa = PBXBuildFile; fileRef = 47D94C812052908100764B32 /* main.m */; };
		47D94C852052908100764B32 /* AppDelegate.m in Sources */ = {isa = PBXBuildFile; fileRef = 47D94C842052908100764B32 /* AppDelegate.m */; };
		47D94C882052908100764B32 /* ViewController.m in Sources */ = {isa = PBXBuildFile; fileRef = 47D94C872052908100764B32 /* ViewController.m */; };
		47D94C8B2052908100764B32 /* Main.storyboard in Resources */ = {isa = PBXBuildFile; fileRef = 47D94C892052908100764B32 /* Main.storyboard */; };
		47D94C8D2052908100764B32 /* Assets.xcassets in Resources */ = {isa = PBXBuildFile; fileRef = 47D94C8C2052908100764B32 /* Assets.xcassets */; };
		47D94C902052908100764B32 /* LaunchScreen.storyboard in Resources */ = {isa = PBXBuildFile; fileRef = 47D94C8E2052908100764B32 /* LaunchScreen.storyboard */; };
		47D94C9A2052916300764B32 /* TPMessageShowTools.m in Sources */ = {isa = PBXBuildFile; fileRef = 47D94C992052916300764B32 /* TPMessageShowTools.m */; };
/* End PBXBuildFile section */

/* Begin PBXFileReference section */
		47D94C7D2052908100764B32 /* TPMessageShowActionExample.app */ = {isa = PBXFileReference; explicitFileType = wrapper.application; includeInIndex = 0; path = TPMessageShowActionExample.app; sourceTree = BUILT_PRODUCTS_DIR; };
		47D94C812052908100764B32 /* main.m */ = {isa = PBXFileReference; lastKnownFileType = sourcecode.c.objc; path = main.m; sourceTree = "<group>"; };
		47D94C832052908100764B32 /* AppDelegate.h */ = {isa = PBXFileReference; lastKnownFileType = sourcecode.c.h; path = AppDelegate.h; sourceTree = "<group>"; };
		47D94C842052908100764B32 /* AppDelegate.m */ = {isa = PBXFileReference; lastKnownFileType = sourcecode.c.objc; path = AppDelegate.m; sourceTree = "<group>"; };
		47D94C862052908100764B32 /* ViewController.h */ = {isa = PBXFileReference; lastKnownFileType = sourcecode.c.h; path = ViewController.h; sourceTree = "<group>"; };
		47D94C872052908100764B32 /* ViewController.m */ = {isa = PBXFileReference; lastKnownFileType = sourcecode.c.objc; path = ViewController.m; sourceTree = "<group>"; };
		47D94C8A2052908100764B32 /* Base */ = {isa = PBXFileReference; lastKnownFileType = file.storyboard; name = Base; path = Base.lproj/Main.storyboard; sourceTree = "<group>"; };
		47D94C8C2052908100764B32 /* Assets.xcassets */ = {isa = PBXFileReference; lastKnownFileType = folder.assetcatalog; path = Assets.xcassets; sourceTree = "<group>"; };
		47D94C8F2052908100764B32 /* Base */ = {isa = PBXFileReference; lastKnownFileType = file.storyboard; name = Base; path = Base.lproj/LaunchScreen.storyboard; sourceTree = "<group>"; };
		47D94C912052908100764B32 /* Info.plist */ = {isa = PBXFileReference; lastKnownFileType = text.plist.xml; path = Info.plist; sourceTree = "<group>"; };
		47D94C982052916300764B32 /* TPMessageShowTools.h */ = {isa = PBXFileReference; fileEncoding = 4; lastKnownFileType = sourcecode.c.h; path = TPMessageShowTools.h; sourceTree = "<group>"; };
		47D94C992052916300764B32 /* TPMessageShowTools.m */ = {isa = PBXFileReference; fileEncoding = 4; lastKnownFileType = sourcecode.c.objc; path = TPMessageShowTools.m; sourceTree = "<group>"; };
/* End PBXFileReference section */

/* Begin PBXFrameworksBuildPhase section */
		47D94C7A2052908100764B32 /* Frameworks */ = {
			isa = PBXFrameworksBuildPhase;
			buildActionMask = 2147483647;
			files = (
			);
			runOnlyForDeploymentPostprocessing = 0;
		};
/* End PBXFrameworksBuildPhase section */

/* Begin PBXGroup section */
		47D94C742052908100764B32 = {
			isa = PBXGroup;
			children = (
				47D94C7F2052908100764B32 /* TPMessageShowActionExample */,
				47D94C7E2052908100764B32 /* Products */,
			);
			sourceTree = "<group>";
		};
		47D94C7E2052908100764B32 /* Products */ = {
			isa = PBXGroup;
			children = (
				47D94C7D2052908100764B32 /* TPMessageShowActionExample.app */,
			);
			name = Products;
			sourceTree = "<group>";
		};
		47D94C7F2052908100764B32 /* TPMessageShowActionExample */ = {
			isa = PBXGroup;
			children = (
				47D94C832052908100764B32 /* AppDelegate.h */,
				47D94C842052908100764B32 /* AppDelegate.m */,
				47D94C862052908100764B32 /* ViewController.h */,
				47D94C872052908100764B32 /* ViewController.m */,
				47D94C972052916300764B32 /* TPMessageShowTools */,
				47D94C892052908100764B32 /* Main.storyboard */,
				47D94C8C2052908100764B32 /* Assets.xcassets */,
				47D94C8E2052908100764B32 /* LaunchScreen.storyboard */,
				47D94C912052908100764B32 /* Info.plist */,
				47D94C802052908100764B32 /* Supporting Files */,
			);
			path = TPMessageShowActionExample;
			sourceTree = "<group>";
		};
		47D94C802052908100764B32 /* Supporting Files */ = {
			isa = PBXGroup;
			children = (
				47D94C812052908100764B32 /* main.m */,
			);
			name = "Supporting Files";
			sourceTree = "<group>";
		};
		47D94C972052916300764B32 /* TPMessageShowTools */ = {
			isa = PBXGroup;
			children = (
				47D94C982052916300764B32 /* TPMessageShowTools.h */,
				47D94C992052916300764B32 /* TPMessageShowTools.m */,
			);
			path = TPMessageShowTools;
			sourceTree = "<group>";
		};
/* End PBXGroup section */

/* Begin PBXNativeTarget section */
		47D94C7C2052908100764B32 /* TPMessageShowActionExample */ = {
			isa = PBXNativeTarget;
			buildConfigurationList = 47D94C942052908100764B32 /* Build configuration list for PBXNativeTarget "TPMessageShowActionExample" */;
			buildPhases = (
				47D94C792052908100764B32 /* Sources */,
				47D94C7A2052908100764B32 /* Frameworks */,
				47D94C7B2052908100764B32 /* Resources */,
			);
			buildRules = (
			);
			dependencies = (
			);
			name = TPMessageShowActionExample;
			productName = TPMessageShowActionExample;
			productReference = 47D94C7D2052908100764B32 /* TPMessageShowActionExample.app */;
			productType = "com.apple.product-type.application";
		};
/* End PBXNativeTarget section */

/* Begin PBXProject section */
		47D94C752052908100764B32 /* Project object */ = {
			isa = PBXProject;
			attributes = {
				LastUpgradeCheck = 0810;
				ORGANIZATIONNAME = Mr.Plus;
				TargetAttributes = {
					47D94C7C2052908100764B32 = {
						CreatedOnToolsVersion = 8.1;
						ProvisioningStyle = Automatic;
					};
				};
			};
			buildConfigurationList = 47D94C782052908100764B32 /* Build configuration list for PBXProject "TPMessageShowActionExample" */;
			compatibilityVersion = "Xcode 3.2";
			developmentRegion = English;
			hasScannedForEncodings = 0;
			knownRegions = (
				en,
				Base,
			);
			mainGroup = 47D94C742052908100764B32;
			productRefGroup = 47D94C7E2052908100764B32 /* Products */;
			projectDirPath = "";
			projectRoot = "";
			targets = (
				47D94C7C2052908100764B32 /* TPMessageShowActionExample */,
			);
		};
/* End PBXProject section */

/* Begin PBXResourcesBuildPhase section */
		47D94C7B2052908100764B32 /* Resources */ = {
			isa = PBXResourcesBuildPhase;
			buildActionMask = 2147483647;
			files = (
				47D94C902052908100764B32 /* LaunchScreen.storyboard in Resources */,
				47D94C8D2052908100764B32 /* Assets.xcassets in Resources */,
				47D94C8B2052908100764B32 /* Main.storyboard in Resources */,
			);
			runOnlyForDeploymentPostprocessing = 0;
		};
/* End PBXResourcesBuildPhase section */

/* Begin PBXSourcesBuildPhase section */
		47D94C792052908100764B32 /* Sources */ = {
			isa = PBXSourcesBuildPhase;
			buildActionMask = 2147483647;
			files = (
				47D94C882052908100764B32 /* ViewController.m in Sources */,
				47D94C852052908100764B32 /* AppDelegate.m in Sources */,
				47D94C9A2052916300764B32 /* TPMessageShowTools.m in Sources */,
				47D94C822052908100764B32 /* main.m in Sources */,
			);
			runOnlyForDeploymentPostprocessing = 0;
		};
/* End PBXSourcesBuildPhase section */

/* Begin PBXVariantGroup section */
		47D94C892052908100764B32 /* Main.storyboard */ = {
			isa = PBXVariantGroup;
			children = (
				47D94C8A2052908100764B32 /* Base */,
			);
			name = Main.storyboard;
			sourceTree = "<group>";
		};
		47D94C8E2052908100764B32 /* LaunchScreen.storyboard */ = {
			isa = PBXVariantGroup;
			children = (
				47D94C8F2052908100764B32 /* Base */,
			);
			name = LaunchScreen.storyboard;
			sourceTree = "<group>";
		};
/* End PBXVariantGroup section */

/* Begin XCBuildConfiguration section */
		47D94C922052908100764B32 /* Debug */ = {
			isa = XCBuildConfiguration;
			buildSettings = {
				ALWAYS_SEARCH_USER_PATHS = NO;
				CLANG_ANALYZER_NONNULL = YES;
				CLANG_CXX_LANGUAGE_STANDARD = "gnu++0x";
				CLANG_CXX_LIBRARY = "libc++";
				CLANG_ENABLE_MODULES = YES;
				CLANG_ENABLE_OBJC_ARC = YES;
				CLANG_WARN_BOOL_CONVERSION = YES;
				CLANG_WARN_CONSTANT_CONVERSION = YES;
				CLANG_WARN_DIRECT_OBJC_ISA_USAGE = YES_ERROR;
				CLANG_WARN_DOCUMENTATION_COMMENTS = YES;
				CLANG_WARN_EMPTY_BODY = YES;
				CLANG_WARN_ENUM_CONVERSION = YES;
				CLANG_WARN_INFINITE_RECURSION = YES;
				CLANG_WARN_INT_CONVERSION = YES;
				CLANG_WARN_OBJC_ROOT_CLASS = YES_ERROR;
				CLANG_WARN_SUSPICIOUS_MOVES = YES;
				CLANG_WARN_UNREACHABLE_CODE = YES;
				CLANG_WARN__DUPLICATE_METHOD_MATCH = YES;
				"CODE_SIGN_IDENTITY[sdk=iphoneos*]" = "iPhone Developer";
				COPY_PHASE_STRIP = NO;
				DEBUG_INFORMATION_FORMAT = dwarf;
				ENABLE_STRICT_OBJC_MSGSEND = YES;
				ENABLE_TESTABILITY = YES;
				GCC_C_LANGUAGE_STANDARD = gnu99;
				GCC_DYNAMIC_NO_PIC = NO;
				GCC_NO_COMMON_BLOCKS = YES;
				GCC_OPTIMIZATION_LEVEL = 0;
				GCC_PREPROCESSOR_DEFINITIONS = (
					"DEBUG=1",
					"$(inherited)",
				);
				GCC_WARN_64_TO_32_BIT_CONVERSION = YES;
				GCC_WARN_ABOUT_RETURN_TYPE = YES_ERROR;
				GCC_WARN_UNDECLARED_SELECTOR = YES;
				GCC_WARN_UNINITIALIZED_AUTOS = YES_AGGRESSIVE;
				GCC_WARN_UNUSED_FUNCTION = YES;
				GCC_WARN_UNUSED_VARIABLE = YES;
				IPHONEOS_DEPLOYMENT_TARGET = 10.1;
				MTL_ENABLE_DEBUG_INFO = YES;
				ONLY_ACTIVE_ARCH = YES;
				SDKROOT = iphoneos;
			};
			name = Debug;
		};
		47D94C932052908100764B32 /* Release */ = {
			isa = XCBuildConfiguration;
			buildSettings = {
				ALWAYS_SEARCH_USER_PATHS = NO;
				CLANG_ANALYZER_NONNULL = YES;
				CLANG_CXX_LANGUAGE_STANDARD = "gnu++0x";
				CLANG_CXX_LIBRARY = "libc++";
				CLANG_ENABLE_MODULES = YES;
				CLANG_ENABLE_OBJC_ARC = YES;
				CLANG_WARN_BOOL_CONVERSION = YES;
				CLANG_WARN_CONSTANT_CONVERSION = YES;
				CLANG_WARN_DIRECT_OBJC_ISA_USAGE = YES_ERROR;
				CLANG_WARN_DOCUMENTATION_COMMENTS = YES;
				CLANG_WARN_EMPTY_BODY = YES;
				CLANG_WARN_ENUM_CONVERSION = YES;
				CLANG_WARN_INFINITE_RECURSION = YES;
				CLANG_WARN_INT_CONVERSION = YES;
				CLANG_WARN_OBJC_ROOT_CLASS = YES_ERROR;
				CLANG_WARN_SUSPICIOUS_MOVES = YES;
				CLANG_WARN_UNREACHABLE_CODE = YES;
				CLANG_WARN__DUPLICATE_METHOD_MATCH = YES;
				"CODE_SIGN_IDENTITY[sdk=iphoneos*]" = "iPhone Developer";
				COPY_PHASE_STRIP = NO;
				DEBUG_INFORMATION_FORMAT = "dwarf-with-dsym";
				ENABLE_NS_ASSERTIONS = NO;
				ENABLE_STRICT_OBJC_MSGSEND = YES;
				GCC_C_LANGUAGE_STANDARD = gnu99;
				GCC_NO_COMMON_BLOCKS = YES;
				GCC_WARN_64_TO_32_BIT_CONVERSION = YES;
				GCC_WARN_ABOUT_RETURN_TYPE = YES_ERROR;
				GCC_WARN_UNDECLARED_SELECTOR = YES;
				GCC_WARN_UNINITIALIZED_AUTOS = YES_AGGRESSIVE;
				GCC_WARN_UNUSED_FUNCTION = YES;
				GCC_WARN_UNUSED_VARIABLE = YES;
				IPHONEOS_DEPLOYMENT_TARGET = 10.1;
				MTL_ENABLE_DEBUG_INFO = NO;
				SDKROOT = iphoneos;
				VALIDATE_PRODUCT = YES;
			};
			name = Release;
		};
		47D94C952052908100764B32 /* Debug */ = {
			isa = XCBuildConfiguration;
			buildSettings = {
				ASSETCATALOG_COMPILER_APPICON_NAME = AppIcon;
				INFOPLIST_FILE = TPMessageShowActionExample/Info.plist;
				IPHONEOS_DEPLOYMENT_TARGET = 8.0;
				LD_RUNPATH_SEARCH_PATHS = "$(inherited) @executable_path/Frameworks";
				PRODUCT_BUNDLE_IDENTIFIER = Mr.Plus.TPMessageShowActionExample;
				PRODUCT_NAME = "$(TARGET_NAME)";
			};
			name = Debug;
		};
		47D94C962052908100764B32 /* Release */ = {
			isa = XCBuildConfiguration;
			buildSettings = {
				ASSETCATALOG_COMPILER_APPICON_NAME = AppIcon;
				INFOPLIST_FILE = TPMessageShowActionExample/Info.plist;
				IPHONEOS_DEPLOYMENT_TARGET = 8.0;
				LD_RUNPATH_SEARCH_PATHS = "$(inherited) @executable_path/Frameworks";
				PRODUCT_BUNDLE_IDENTIFIER = Mr.Plus.TPMessageShowActionExample;
				PRODUCT_NAME = "$(TARGET_NAME)";
			};
			name = Release;
		};
/* End XCBuildConfiguration section */

/* Begin XCConfigurationList section */
		47D94C782052908100764B32 /* Build configuration list for PBXProject "TPMessageShowActionExample" */ = {
			isa = XCConfigurationList;
			buildConfigurations = (
				47D94C922052908100764B32 /* Debug */,
				47D94C932052908100764B32 /* Release */,
			);
			defaultConfigurationIsVisible = 0;
			defaultConfigurationName = Release;
		};
		47D94C942052908100764B32 /* Build configuration list for PBXNativeTarget "TPMessageShowActionExample" */ = {
			isa = XCConfigurationList;
			buildConfigurations = (
				47D94C952052908100764B32 /* Debug */,
				47D94C962052908100764B32 /* Release */,
			);
			defaultConfigurationIsVisible = 0;
		};
/* End XCConfigurationList section */
	};
	rootObject = 47D94C752052908100764B32 /* Project object */;
}
